
Microsoft Visual Studio Solution File, Format Version 12.00
# Visual Studio Version 17
VisualStudioVersion = 17.6.33815.320
MinimumVisualStudioVersion = 10.0.40219.1
Project("{FAE04EC0-301F-11D3-BF4B-00C04F79EFBC}") = "ConAppEmployee", "ConAppAssignment24\ConAppEmployee.csproj", "{93270308-921A-48A7-A8DB-882D373FCA0E}"
EndProject
Global
	GlobalSection(SolutionConfigurationPlatforms) = preSolution
		Debug|Any CPU = Debug|Any CPU
		Release|Any CPU = Release|Any CPU
	EndGlobalSection
	GlobalSection(ProjectConfigurationPlatforms) = postSolution
		{93270308-921A-48A7-A8DB-882D373FCA0E}.Debug|Any CPU.ActiveCfg = Debug|Any CPU
		{93270308-921A-48A7-A8DB-882D373FCA0E}.Debug|Any CPU.Build.0 = Debug|Any CPU
		{93270308-921A-48A7-A8DB-882D373FCA0E}.Release|Any CPU.ActiveCfg = Release|Any CPU
		{93270308-921A-48A7-A8DB-882D373FCA0E}.Release|Any CPU.Build.0 = Release|Any CPU
	EndGlobalSection
	GlobalSection(SolutionProperties) = preSolution
		HideSolutionNode = FALSE
	EndGlobalSection
	GlobalSection(ExtensibilityGlobals) = postSolution
		SolutionGuid = {719EB501-2140-47E7-BA7F-64822334C0BF}
	EndGlobalSection
EndGlobal
